PODS:
  - xDefine (1.0.7)
  - xExtension (1.1.8):
    - xDefine
  - xWebBrowser (1.1.1):
    - xExtension

DEPENDENCIES:
  - xWebBrowser (from `../`)

SPEC REPOS:
  https://github.com/kaibuleite/xSpecs.git:
    - xDefine
    - xExtension

EXTERNAL SOURCES:
  xWebBrowser:
    :path: "../"

SPEC CHECKSUMS:
  xDefine: e9216a8c29a4a5abce78630e311449182c79a7f3
  xExtension: 410b32f4a0377e4962082c7d1315b4b77454f7aa
  xWebBrowser: 03eb666a1caf2069a9c12b3bfe448a3e2af86495

PODFILE CHECKSUM: cee2db3b16639619be943826951b6324add50b98

COCOAPODS: 1.15.2
