PODS:
  - xDefine (1.0.4)
  - xExtension (1.1.1):
    - xDefine
  - xWebBrowser (1.0.3):
    - xExtension

DEPENDENCIES:
  - xWebBrowser (from `../`)

SPEC REPOS:
  https://github.com/kaibuleite/xSpecs.git:
    - xDefine
    - xExtension

EXTERNAL SOURCES:
  xWebBrowser:
    :path: "../"

SPEC CHECKSUMS:
  xDefine: ca6c6eef825544db8b43409e66dbff05eca7ac58
  xExtension: 70d1f6b92b268f1e36236f8be26ed86c72628a0b
  xWebBrowser: e399ea839969e7cb242bffe2abd0d528f49a05f8

PODFILE CHECKSUM: 8d9fcbe151caadfe3b2b12e1b2e0e724a248c171

COCOAPODS: 1.9.1
